
Microsoft Visual Studio Solution File, Format Version 12.00
# Visual Studio Version 17
VisualStudioVersion = 17.8.34330.188
MinimumVisualStudioVersion = 10.0.40219.1
Project("{FAE04EC0-301F-11D3-BF4B-00C04F79EFBC}") = "Employee Details", "Employee Details\Employee Details.csproj", "{3FCB9175-6EE5-4130-848E-AB3400C2F3EA}"
EndProject
Global
	GlobalSection(SolutionConfigurationPlatforms) = preSolution
		Debug|Any CPU = Debug|Any CPU
		Release|Any CPU = Release|Any CPU
	EndGlobalSection
	GlobalSection(ProjectConfigurationPlatforms) = postSolution
		{3FCB9175-6EE5-4130-848E-AB3400C2F3EA}.Debug|Any CPU.ActiveCfg = Debug|Any CPU
		{3FCB9175-6EE5-4130-848E-AB3400C2F3EA}.Debug|Any CPU.Build.0 = Debug|Any CPU
		{3FCB9175-6EE5-4130-848E-AB3400C2F3EA}.Release|Any CPU.ActiveCfg = Release|Any CPU
		{3FCB9175-6EE5-4130-848E-AB3400C2F3EA}.Release|Any CPU.Build.0 = Release|Any CPU
	EndGlobalSection
	GlobalSection(SolutionProperties) = preSolution
		HideSolutionNode = FALSE
	EndGlobalSection
	GlobalSection(ExtensibilityGlobals) = postSolution
		SolutionGuid = {7DB6F489-1429-4934-B98D-4CB7695376D1}
	EndGlobalSection
EndGlobal
