
Microsoft Visual Studio Solution File, Format Version 12.00
# Visual Studio Version 17
VisualStudioVersion = 17.8.34330.188
MinimumVisualStudioVersion = 10.0.40219.1
Project("{FAE04EC0-301F-11D3-BF4B-00C04F79EFBC}") = "DataAccess", "DataAccess\DataAccess.csproj", "{A2775DDF-20CF-4F84-8513-C7187985F11C}"
EndProject
Project("{FAE04EC0-301F-11D3-BF4B-00C04F79EFBC}") = "BusinessObject", "BusinessObject\BusinessObject.csproj", "{15A34388-3AB0-46CA-BB43-6228CC99930F}"
EndProject
Project("{FAE04EC0-301F-11D3-BF4B-00C04F79EFBC}") = "SalesWinApp", "SalesWinApp\SalesWinApp.csproj", "{CAE5645D-6CE7-4C68-9857-7BDAEA73B00A}"
EndProject
Global
	GlobalSection(SolutionConfigurationPlatforms) = preSolution
		Debug|Any CPU = Debug|Any CPU
		Release|Any CPU = Release|Any CPU
	EndGlobalSection
	GlobalSection(ProjectConfigurationPlatforms) = postSolution
		{A2775DDF-20CF-4F84-8513-C7187985F11C}.Debug|Any CPU.ActiveCfg = Debug|Any CPU
		{A2775DDF-20CF-4F84-8513-C7187985F11C}.Debug|Any CPU.Build.0 = Debug|Any CPU
		{A2775DDF-20CF-4F84-8513-C7187985F11C}.Release|Any CPU.ActiveCfg = Release|Any CPU
		{A2775DDF-20CF-4F84-8513-C7187985F11C}.Release|Any CPU.Build.0 = Release|Any CPU
		{15A34388-3AB0-46CA-BB43-6228CC99930F}.Debug|Any CPU.ActiveCfg = Debug|Any CPU
		{15A34388-3AB0-46CA-BB43-6228CC99930F}.Debug|Any CPU.Build.0 = Debug|Any CPU
		{15A34388-3AB0-46CA-BB43-6228CC99930F}.Release|Any CPU.ActiveCfg = Release|Any CPU
		{15A34388-3AB0-46CA-BB43-6228CC99930F}.Release|Any CPU.Build.0 = Release|Any CPU
		{CAE5645D-6CE7-4C68-9857-7BDAEA73B00A}.Debug|Any CPU.ActiveCfg = Debug|Any CPU
		{CAE5645D-6CE7-4C68-9857-7BDAEA73B00A}.Debug|Any CPU.Build.0 = Debug|Any CPU
		{CAE5645D-6CE7-4C68-9857-7BDAEA73B00A}.Release|Any CPU.ActiveCfg = Release|Any CPU
		{CAE5645D-6CE7-4C68-9857-7BDAEA73B00A}.Release|Any CPU.Build.0 = Release|Any CPU
	EndGlobalSection
	GlobalSection(SolutionProperties) = preSolution
		HideSolutionNode = FALSE
	EndGlobalSection
	GlobalSection(ExtensibilityGlobals) = postSolution
		SolutionGuid = {BB52C750-52D8-42D6-A7B6-D84CCE271BC4}
	EndGlobalSection
EndGlobal
