
Microsoft Visual Studio Solution File, Format Version 12.00
# Visual Studio Version 17
VisualStudioVersion = 17.8.34330.188
MinimumVisualStudioVersion = 10.0.40219.1
Project("{FAE04EC0-301F-11D3-BF4B-00C04F79EFBC}") = "LINQ to Objects with Query Expressions", "LINQ to Objects with Query Expressions\LINQ to Objects with Query Expressions.csproj", "{05C7C914-B5E3-4379-83F8-B533BDE873CB}"
EndProject
Global
	GlobalSection(SolutionConfigurationPlatforms) = preSolution
		Debug|Any CPU = Debug|Any CPU
		Release|Any CPU = Release|Any CPU
	EndGlobalSection
	GlobalSection(ProjectConfigurationPlatforms) = postSolution
		{05C7C914-B5E3-4379-83F8-B533BDE873CB}.Debug|Any CPU.ActiveCfg = Debug|Any CPU
		{05C7C914-B5E3-4379-83F8-B533BDE873CB}.Debug|Any CPU.Build.0 = Debug|Any CPU
		{05C7C914-B5E3-4379-83F8-B533BDE873CB}.Release|Any CPU.ActiveCfg = Release|Any CPU
		{05C7C914-B5E3-4379-83F8-B533BDE873CB}.Release|Any CPU.Build.0 = Release|Any CPU
	EndGlobalSection
	GlobalSection(SolutionProperties) = preSolution
		HideSolutionNode = FALSE
	EndGlobalSection
	GlobalSection(ExtensibilityGlobals) = postSolution
		SolutionGuid = {A73E0D70-DA4D-45FE-9EF6-A42D150B39DA}
	EndGlobalSection
EndGlobal
