
Microsoft Visual Studio Solution File, Format Version 12.00
# Visual Studio Version 17
VisualStudioVersion = 17.8.34330.188
MinimumVisualStudioVersion = 10.0.40219.1
Project("{FAE04EC0-301F-11D3-BF4B-00C04F79EFBC}") = "Tuples", "Tuples\Tuples.csproj", "{BAA64C88-A0DD-406A-BC64-3C57D22639AA}"
EndProject
Global
	GlobalSection(SolutionConfigurationPlatforms) = preSolution
		Debug|Any CPU = Debug|Any CPU
		Release|Any CPU = Release|Any CPU
	EndGlobalSection
	GlobalSection(ProjectConfigurationPlatforms) = postSolution
		{BAA64C88-A0DD-406A-BC64-3C57D22639AA}.Debug|Any CPU.ActiveCfg = Debug|Any CPU
		{BAA64C88-A0DD-406A-BC64-3C57D22639AA}.Debug|Any CPU.Build.0 = Debug|Any CPU
		{BAA64C88-A0DD-406A-BC64-3C57D22639AA}.Release|Any CPU.ActiveCfg = Release|Any CPU
		{BAA64C88-A0DD-406A-BC64-3C57D22639AA}.Release|Any CPU.Build.0 = Release|Any CPU
	EndGlobalSection
	GlobalSection(SolutionProperties) = preSolution
		HideSolutionNode = FALSE
	EndGlobalSection
	GlobalSection(ExtensibilityGlobals) = postSolution
		SolutionGuid = {C694450E-F955-4FAE-BB7F-A0174DF5C1BB}
	EndGlobalSection
EndGlobal
