
Microsoft Visual Studio Solution File, Format Version 12.00
# Visual Studio Version 17
VisualStudioVersion = 17.8.34330.188
MinimumVisualStudioVersion = 10.0.40219.1
Project("{FAE04EC0-301F-11D3-BF4B-00C04F79EFBC}") = "Pattern Matching", "Pattern Matching\Pattern Matching.csproj", "{C5413D60-2321-4CF5-815E-D9AC2F4693CC}"
EndProject
Global
	GlobalSection(SolutionConfigurationPlatforms) = preSolution
		Debug|Any CPU = Debug|Any CPU
		Release|Any CPU = Release|Any CPU
	EndGlobalSection
	GlobalSection(ProjectConfigurationPlatforms) = postSolution
		{C5413D60-2321-4CF5-815E-D9AC2F4693CC}.Debug|Any CPU.ActiveCfg = Debug|Any CPU
		{C5413D60-2321-4CF5-815E-D9AC2F4693CC}.Debug|Any CPU.Build.0 = Debug|Any CPU
		{C5413D60-2321-4CF5-815E-D9AC2F4693CC}.Release|Any CPU.ActiveCfg = Release|Any CPU
		{C5413D60-2321-4CF5-815E-D9AC2F4693CC}.Release|Any CPU.Build.0 = Release|Any CPU
	EndGlobalSection
	GlobalSection(SolutionProperties) = preSolution
		HideSolutionNode = FALSE
	EndGlobalSection
	GlobalSection(ExtensibilityGlobals) = postSolution
		SolutionGuid = {C800CCF7-45D0-427D-8318-9742FD4AE3EF}
	EndGlobalSection
EndGlobal
