
Microsoft Visual Studio Solution File, Format Version 12.00
# Visual Studio Version 17
VisualStudioVersion = 17.8.34330.188
MinimumVisualStudioVersion = 10.0.40219.1
Project("{FAE04EC0-301F-11D3-BF4B-00C04F79EFBC}") = "Store Procedures Demonstration", "Store Procedures Demonstration\Store Procedures Demonstration.csproj", "{B34DAF2B-69EA-47D2-98F8-E27B329DE4EB}"
EndProject
Global
	GlobalSection(SolutionConfigurationPlatforms) = preSolution
		Debug|Any CPU = Debug|Any CPU
		Release|Any CPU = Release|Any CPU
	EndGlobalSection
	GlobalSection(ProjectConfigurationPlatforms) = postSolution
		{B34DAF2B-69EA-47D2-98F8-E27B329DE4EB}.Debug|Any CPU.ActiveCfg = Debug|Any CPU
		{B34DAF2B-69EA-47D2-98F8-E27B329DE4EB}.Debug|Any CPU.Build.0 = Debug|Any CPU
		{B34DAF2B-69EA-47D2-98F8-E27B329DE4EB}.Release|Any CPU.ActiveCfg = Release|Any CPU
		{B34DAF2B-69EA-47D2-98F8-E27B329DE4EB}.Release|Any CPU.Build.0 = Release|Any CPU
	EndGlobalSection
	GlobalSection(SolutionProperties) = preSolution
		HideSolutionNode = FALSE
	EndGlobalSection
	GlobalSection(ExtensibilityGlobals) = postSolution
		SolutionGuid = {EB96000D-FB08-427F-AA6B-8ED41D13884D}
	EndGlobalSection
EndGlobal
