
Microsoft Visual Studio Solution File, Format Version 12.00
# Visual Studio Version 17
VisualStudioVersion = 17.8.34330.188
MinimumVisualStudioVersion = 10.0.40219.1
Project("{FAE04EC0-301F-11D3-BF4B-00C04F79EFBC}") = "Instantiating Delegates", "Instantiating Delegates\Instantiating Delegates.csproj", "{97F68BE2-5D88-467E-8384-DF3BCEDBA0C7}"
EndProject
Global
	GlobalSection(SolutionConfigurationPlatforms) = preSolution
		Debug|Any CPU = Debug|Any CPU
		Release|Any CPU = Release|Any CPU
	EndGlobalSection
	GlobalSection(ProjectConfigurationPlatforms) = postSolution
		{97F68BE2-5D88-467E-8384-DF3BCEDBA0C7}.Debug|Any CPU.ActiveCfg = Debug|Any CPU
		{97F68BE2-5D88-467E-8384-DF3BCEDBA0C7}.Debug|Any CPU.Build.0 = Debug|Any CPU
		{97F68BE2-5D88-467E-8384-DF3BCEDBA0C7}.Release|Any CPU.ActiveCfg = Release|Any CPU
		{97F68BE2-5D88-467E-8384-DF3BCEDBA0C7}.Release|Any CPU.Build.0 = Release|Any CPU
	EndGlobalSection
	GlobalSection(SolutionProperties) = preSolution
		HideSolutionNode = FALSE
	EndGlobalSection
	GlobalSection(ExtensibilityGlobals) = postSolution
		SolutionGuid = {28BD3A5B-F373-4413-AB2B-DA38102E8581}
	EndGlobalSection
EndGlobal
