
Microsoft Visual Studio Solution File, Format Version 12.00
# Visual Studio Version 17
VisualStudioVersion = 17.8.34330.188
MinimumVisualStudioVersion = 10.0.40219.1
Project("{FAE04EC0-301F-11D3-BF4B-00C04F79EFBC}") = "Discards", "Discards\Discards.csproj", "{98FDE50B-6848-44DE-A48C-2D39E9ACF167}"
EndProject
Global
	GlobalSection(SolutionConfigurationPlatforms) = preSolution
		Debug|Any CPU = Debug|Any CPU
		Release|Any CPU = Release|Any CPU
	EndGlobalSection
	GlobalSection(ProjectConfigurationPlatforms) = postSolution
		{98FDE50B-6848-44DE-A48C-2D39E9ACF167}.Debug|Any CPU.ActiveCfg = Debug|Any CPU
		{98FDE50B-6848-44DE-A48C-2D39E9ACF167}.Debug|Any CPU.Build.0 = Debug|Any CPU
		{98FDE50B-6848-44DE-A48C-2D39E9ACF167}.Release|Any CPU.ActiveCfg = Release|Any CPU
		{98FDE50B-6848-44DE-A48C-2D39E9ACF167}.Release|Any CPU.Build.0 = Release|Any CPU
	EndGlobalSection
	GlobalSection(SolutionProperties) = preSolution
		HideSolutionNode = FALSE
	EndGlobalSection
	GlobalSection(ExtensibilityGlobals) = postSolution
		SolutionGuid = {C835838B-58BA-4E9F-9B6A-BE2241D4E6A4}
	EndGlobalSection
EndGlobal
