
Microsoft Visual Studio Solution File, Format Version 12.00
# Visual Studio Version 17
VisualStudioVersion = 17.8.34330.188
MinimumVisualStudioVersion = 10.0.40219.1
Project("{FAE04EC0-301F-11D3-BF4B-00C04F79EFBC}") = "Lambdas with Standard Query Operators", "Lambdas with Standard Query Operators\Lambdas with Standard Query Operators.csproj", "{BF48287F-7762-487B-A481-2C3D71306F8E}"
EndProject
Global
	GlobalSection(SolutionConfigurationPlatforms) = preSolution
		Debug|Any CPU = Debug|Any CPU
		Release|Any CPU = Release|Any CPU
	EndGlobalSection
	GlobalSection(ProjectConfigurationPlatforms) = postSolution
		{BF48287F-7762-487B-A481-2C3D71306F8E}.Debug|Any CPU.ActiveCfg = Debug|Any CPU
		{BF48287F-7762-487B-A481-2C3D71306F8E}.Debug|Any CPU.Build.0 = Debug|Any CPU
		{BF48287F-7762-487B-A481-2C3D71306F8E}.Release|Any CPU.ActiveCfg = Release|Any CPU
		{BF48287F-7762-487B-A481-2C3D71306F8E}.Release|Any CPU.Build.0 = Release|Any CPU
	EndGlobalSection
	GlobalSection(SolutionProperties) = preSolution
		HideSolutionNode = FALSE
	EndGlobalSection
	GlobalSection(ExtensibilityGlobals) = postSolution
		SolutionGuid = {9E06B92C-1DBD-488F-83C8-C044CE501AB8}
	EndGlobalSection
EndGlobal
