
Microsoft Visual Studio Solution File, Format Version 12.00
# Visual Studio Version 17
VisualStudioVersion = 17.8.34330.188
MinimumVisualStudioVersion = 10.0.40219.1
Project("{FAE04EC0-301F-11D3-BF4B-00C04F79EFBC}") = "Factories Method", "Factories Method\Factories Method.csproj", "{ABD361EA-2A04-44FD-8B24-466B42C15054}"
EndProject
Global
	GlobalSection(SolutionConfigurationPlatforms) = preSolution
		Debug|Any CPU = Debug|Any CPU
		Release|Any CPU = Release|Any CPU
	EndGlobalSection
	GlobalSection(ProjectConfigurationPlatforms) = postSolution
		{ABD361EA-2A04-44FD-8B24-466B42C15054}.Debug|Any CPU.ActiveCfg = Debug|Any CPU
		{ABD361EA-2A04-44FD-8B24-466B42C15054}.Debug|Any CPU.Build.0 = Debug|Any CPU
		{ABD361EA-2A04-44FD-8B24-466B42C15054}.Release|Any CPU.ActiveCfg = Release|Any CPU
		{ABD361EA-2A04-44FD-8B24-466B42C15054}.Release|Any CPU.Build.0 = Release|Any CPU
	EndGlobalSection
	GlobalSection(SolutionProperties) = preSolution
		HideSolutionNode = FALSE
	EndGlobalSection
	GlobalSection(ExtensibilityGlobals) = postSolution
		SolutionGuid = {5F622E2B-81CF-4DA4-B569-5EB66457315E}
	EndGlobalSection
EndGlobal
