
Microsoft Visual Studio Solution File, Format Version 12.00
# Visual Studio Version 17
VisualStudioVersion = 17.8.34330.188
MinimumVisualStudioVersion = 10.0.40219.1
Project("{FAE04EC0-301F-11D3-BF4B-00C04F79EFBC}") = "AutomobileLibrary", "AutomobileLibrary\AutomobileLibrary.csproj", "{D1E7C824-6B35-469E-AC87-0C2C0D96A264}"
EndProject
Project("{FAE04EC0-301F-11D3-BF4B-00C04F79EFBC}") = "AutomobileWinApp", "AutomobileWinApp\AutomobileWinApp.csproj", "{95395C14-1050-4FC4-892B-45B1511F3AC0}"
EndProject
Global
	GlobalSection(SolutionConfigurationPlatforms) = preSolution
		Debug|Any CPU = Debug|Any CPU
		Release|Any CPU = Release|Any CPU
	EndGlobalSection
	GlobalSection(ProjectConfigurationPlatforms) = postSolution
		{D1E7C824-6B35-469E-AC87-0C2C0D96A264}.Debug|Any CPU.ActiveCfg = Debug|Any CPU
		{D1E7C824-6B35-469E-AC87-0C2C0D96A264}.Debug|Any CPU.Build.0 = Debug|Any CPU
		{D1E7C824-6B35-469E-AC87-0C2C0D96A264}.Release|Any CPU.ActiveCfg = Release|Any CPU
		{D1E7C824-6B35-469E-AC87-0C2C0D96A264}.Release|Any CPU.Build.0 = Release|Any CPU
		{95395C14-1050-4FC4-892B-45B1511F3AC0}.Debug|Any CPU.ActiveCfg = Debug|Any CPU
		{95395C14-1050-4FC4-892B-45B1511F3AC0}.Debug|Any CPU.Build.0 = Debug|Any CPU
		{95395C14-1050-4FC4-892B-45B1511F3AC0}.Release|Any CPU.ActiveCfg = Release|Any CPU
		{95395C14-1050-4FC4-892B-45B1511F3AC0}.Release|Any CPU.Build.0 = Release|Any CPU
	EndGlobalSection
	GlobalSection(SolutionProperties) = preSolution
		HideSolutionNode = FALSE
	EndGlobalSection
	GlobalSection(ExtensibilityGlobals) = postSolution
		SolutionGuid = {D6A14992-2A62-44EA-BF84-B6C958BD6B45}
	EndGlobalSection
EndGlobal
