
Microsoft Visual Studio Solution File, Format Version 12.00
# Visual Studio Version 17
VisualStudioVersion = 17.8.34330.188
MinimumVisualStudioVersion = 10.0.40219.1
Project("{FAE04EC0-301F-11D3-BF4B-00C04F79EFBC}") = "AutomobileLibrary", "AutomobileLibrary\AutomobileLibrary.csproj", "{C4C2246E-E1F2-460D-A232-219E8841CA52}"
EndProject
Project("{FAE04EC0-301F-11D3-BF4B-00C04F79EFBC}") = "AutomobileWinApp", "AutomobileWinApp\AutomobileWinApp.csproj", "{24AE29E9-D9EB-4DB5-9909-077453236BAF}"
EndProject
Global
	GlobalSection(SolutionConfigurationPlatforms) = preSolution
		Debug|Any CPU = Debug|Any CPU
		Release|Any CPU = Release|Any CPU
	EndGlobalSection
	GlobalSection(ProjectConfigurationPlatforms) = postSolution
		{C4C2246E-E1F2-460D-A232-219E8841CA52}.Debug|Any CPU.ActiveCfg = Debug|Any CPU
		{C4C2246E-E1F2-460D-A232-219E8841CA52}.Debug|Any CPU.Build.0 = Debug|Any CPU
		{C4C2246E-E1F2-460D-A232-219E8841CA52}.Release|Any CPU.ActiveCfg = Release|Any CPU
		{C4C2246E-E1F2-460D-A232-219E8841CA52}.Release|Any CPU.Build.0 = Release|Any CPU
		{24AE29E9-D9EB-4DB5-9909-077453236BAF}.Debug|Any CPU.ActiveCfg = Debug|Any CPU
		{24AE29E9-D9EB-4DB5-9909-077453236BAF}.Debug|Any CPU.Build.0 = Debug|Any CPU
		{24AE29E9-D9EB-4DB5-9909-077453236BAF}.Release|Any CPU.ActiveCfg = Release|Any CPU
		{24AE29E9-D9EB-4DB5-9909-077453236BAF}.Release|Any CPU.Build.0 = Release|Any CPU
	EndGlobalSection
	GlobalSection(SolutionProperties) = preSolution
		HideSolutionNode = FALSE
	EndGlobalSection
	GlobalSection(ExtensibilityGlobals) = postSolution
		SolutionGuid = {82CC62A6-4948-4589-9747-2B955A17AAFA}
	EndGlobalSection
EndGlobal
