
Microsoft Visual Studio Solution File, Format Version 12.00
# Visual Studio Version 17
VisualStudioVersion = 17.8.34330.188
MinimumVisualStudioVersion = 10.0.40219.1
Project("{FAE04EC0-301F-11D3-BF4B-00C04F79EFBC}") = "DataAccess", "DataAccess\DataAccess.csproj", "{DF8E728D-CD84-4FD6-8682-4C3CD3A3042A}"
EndProject
Project("{FAE04EC0-301F-11D3-BF4B-00C04F79EFBC}") = "BusinessObject", "BusinessObject\BusinessObject.csproj", "{F5A37794-594F-4665-966A-F4A9E3035729}"
EndProject
Project("{FAE04EC0-301F-11D3-BF4B-00C04F79EFBC}") = "MyStoreWinApp", "MyStoreWinApp\MyStoreWinApp.csproj", "{A112E6FC-7FB6-4D96-969D-695AF870EC9F}"
EndProject
Project("{2150E333-8FDC-42A3-9474-1A3956D46DE8}") = "1. Presentation Layer", "1. Presentation Layer", "{BE96748C-DBA3-4E69-BDDD-BC500E2A014B}"
EndProject
Project("{2150E333-8FDC-42A3-9474-1A3956D46DE8}") = "2. Business Layer", "2. Business Layer", "{ED7B8571-3BBE-4146-A2F7-B43892AB4D27}"
EndProject
Project("{2150E333-8FDC-42A3-9474-1A3956D46DE8}") = "3. Data Layer", "3. Data Layer", "{2F9F2838-1916-4AA4-AA35-7B427C0BD3C6}"
EndProject
Global
	GlobalSection(SolutionConfigurationPlatforms) = preSolution
		Debug|Any CPU = Debug|Any CPU
		Release|Any CPU = Release|Any CPU
	EndGlobalSection
	GlobalSection(ProjectConfigurationPlatforms) = postSolution
		{DF8E728D-CD84-4FD6-8682-4C3CD3A3042A}.Debug|Any CPU.ActiveCfg = Debug|Any CPU
		{DF8E728D-CD84-4FD6-8682-4C3CD3A3042A}.Debug|Any CPU.Build.0 = Debug|Any CPU
		{DF8E728D-CD84-4FD6-8682-4C3CD3A3042A}.Release|Any CPU.ActiveCfg = Release|Any CPU
		{DF8E728D-CD84-4FD6-8682-4C3CD3A3042A}.Release|Any CPU.Build.0 = Release|Any CPU
		{F5A37794-594F-4665-966A-F4A9E3035729}.Debug|Any CPU.ActiveCfg = Debug|Any CPU
		{F5A37794-594F-4665-966A-F4A9E3035729}.Debug|Any CPU.Build.0 = Debug|Any CPU
		{F5A37794-594F-4665-966A-F4A9E3035729}.Release|Any CPU.ActiveCfg = Release|Any CPU
		{F5A37794-594F-4665-966A-F4A9E3035729}.Release|Any CPU.Build.0 = Release|Any CPU
		{A112E6FC-7FB6-4D96-969D-695AF870EC9F}.Debug|Any CPU.ActiveCfg = Debug|Any CPU
		{A112E6FC-7FB6-4D96-969D-695AF870EC9F}.Debug|Any CPU.Build.0 = Debug|Any CPU
		{A112E6FC-7FB6-4D96-969D-695AF870EC9F}.Release|Any CPU.ActiveCfg = Release|Any CPU
		{A112E6FC-7FB6-4D96-969D-695AF870EC9F}.Release|Any CPU.Build.0 = Release|Any CPU
	EndGlobalSection
	GlobalSection(SolutionProperties) = preSolution
		HideSolutionNode = FALSE
	EndGlobalSection
	GlobalSection(NestedProjects) = preSolution
		{DF8E728D-CD84-4FD6-8682-4C3CD3A3042A} = {2F9F2838-1916-4AA4-AA35-7B427C0BD3C6}
		{F5A37794-594F-4665-966A-F4A9E3035729} = {ED7B8571-3BBE-4146-A2F7-B43892AB4D27}
		{A112E6FC-7FB6-4D96-969D-695AF870EC9F} = {BE96748C-DBA3-4E69-BDDD-BC500E2A014B}
	EndGlobalSection
	GlobalSection(ExtensibilityGlobals) = postSolution
		SolutionGuid = {2E3B93C4-AAD6-4C15-94AB-6056624E98EA}
	EndGlobalSection
EndGlobal
